{
    "_meta": {
        "hash": {
            "sha256": "cbe5e3d811fbdbdf6801a7120a0555fd152d99d1b71ee4e84e5b267681eb5ce2"
        },
        "pipfile-spec": 6,
        "requires": {
            "python_version": "3.8"
        },
        "sources": [
            {
                "name": "pypi",
                "url": "https://pypi.org/simple",
                "verify_ssl": true
            }
        ]
    },
    "default": {
        "scapy": {
            "hashes": [
                "sha256:ecfd7a14cd9c3ef0eb08d28d5bb71d97219edff1454ccbdff229f676b27900ee"
            ],
            "index": "pypi",
            "version": "==2.4.4"
        }
    },
    "develop": {}
}
